
Microsoft Visual Studio Solution File, Format Version 12.00
# Visual Studio Version 16
VisualStudioVersion = 16.0.30104.148
MinimumVisualStudioVersion = 10.0.40219.1
Project("{FAE04EC0-301F-11D3-BF4B-00C04F79EFBC}") = "PortForwardTool", "PortForwardTool\PortForwardTool.csproj", "{34C008CB-DC41-49AD-BB8A-CC3FC52F52A0}"
EndProject
Global
	GlobalSection(SolutionConfigurationPlatforms) = preSolution
		Debug|Any CPU = Debug|Any CPU
		Release|Any CPU = Release|Any CPU
	EndGlobalSection
	GlobalSection(ProjectConfigurationPlatforms) = postSolution
		{34C008CB-DC41-49AD-BB8A-CC3FC52F52A0}.Debug|Any CPU.ActiveCfg = Debug|Any CPU
		{34C008CB-DC41-49AD-BB8A-CC3FC52F52A0}.Debug|Any CPU.Build.0 = Debug|Any CPU
		{34C008CB-DC41-49AD-BB8A-CC3FC52F52A0}.Release|Any CPU.ActiveCfg = Release|Any CPU
		{34C008CB-DC41-49AD-BB8A-CC3FC52F52A0}.Release|Any CPU.Build.0 = Release|Any CPU
	EndGlobalSection
	GlobalSection(SolutionProperties) = preSolution
		HideSolutionNode = FALSE
	EndGlobalSection
	GlobalSection(ExtensibilityGlobals) = postSolution
		SolutionGuid = {B5FBA050-7F37-4BE2-8E75-97BB789C05C2}
	EndGlobalSection
EndGlobal
